# THIS IS AN AUTOGENERATED FILE. DO NOT EDIT THIS FILE DIRECTLY.
# yarn lockfile v1


"@oasisprotocol/sapphire-contracts@^0.2.11":
  version "0.2.11"
  resolved "https://registry.yarnpkg.com/@oasisprotocol/sapphire-contracts/-/sapphire-contracts-0.2.11.tgz#a907ac4a8cb7c10b334094f5a49849b599825f27"
  integrity sha512-SS6xxiuE/O4uiWd+cIINhZimpdSdKQDHvc8fof5L6jSIinoPfIefYp+c2W+xuY2RM1CoaYO/OT0bP9/RLatcMA==
  dependencies:
    "@openzeppelin/contracts" "^5.0.2"

"@openzeppelin/contracts@^5.0.2", "@openzeppelin/contracts@^5.2.0":
  version "5.2.0"
  resolved "https://registry.yarnpkg.com/@openzeppelin/contracts/-/contracts-5.2.0.tgz#bd020694218202b811b0ea3eec07277814c658da"
  integrity sha512-bxjNie5z89W1Ea0NZLZluFh8PrFNn9DH8DQlujEok2yjsOlraUPKID5p1Wk3qdNbf6XkQ1Os2RvfiHrrXLHWKA==

"forge-std@https://github.com/foundry-rs/forge-std.git":
  version "1.9.5"
  resolved "https://github.com/foundry-rs/forge-std.git#999be66ec94c78090087f674bbf52ce1cca12b75"
